// !$*UTF8*$!
{
	archiveVersion = 1;
	classes = {
	};
	objectVersion = 46;
	objects = {

/* Begin PBXBuildFile section */
		936825E6AC7B78B93F224C13 /* Pods_Twitter.framework in Frameworks */ = {isa = PBXBuildFile; fileRef = B39FF92E74493CF8B8315FE7 /* Pods_Twitter.framework */; };
		F40624211E9FCDCE002804E1 /* TweetViewCell.swift in Sources */ = {isa = PBXBuildFile; fileRef = F40624201E9FCDCE002804E1 /* TweetViewCell.swift */; };
		F407F9D31EA121A400278A30 /* TweetDetailViewController.swift in Sources */ = {isa = PBXBuildFile; fileRef = F407F9D21EA121A400278A30 /* TweetDetailViewController.swift */; };
		F445A9F31E9C33C600DB4E68 /* Tweet.swift in Sources */ = {isa = PBXBuildFile; fileRef = F445A9F21E9C33C600DB4E68 /* Tweet.swift */; };
		F445A9F51E9C33DD00DB4E68 /* User.swift in Sources */ = {isa = PBXBuildFile; fileRef = F445A9F41E9C33DD00DB4E68 /* User.swift */; };
		F456D2A41EA7318000BF3BED /* HamburgerViewController.swift in Sources */ = {isa = PBXBuildFile; fileRef = F456D2A31EA7318000BF3BED /* HamburgerViewController.swift */; };
		F456D2A61EA7359000BF3BED /* ProfileViewController.swift in Sources */ = {isa = PBXBuildFile; fileRef = F456D2A51EA7359000BF3BED /* ProfileViewController.swift */; };
		F456D2A81EA7361500BF3BED /* MentionsViewController.swift in Sources */ = {isa = PBXBuildFile; fileRef = F456D2A71EA7361500BF3BED /* MentionsViewController.swift */; };
		F456D2AA1EA7368900BF3BED /* MenuViewController.swift in Sources */ = {isa = PBXBuildFile; fileRef = F456D2A91EA7368900BF3BED /* MenuViewController.swift */; };
		F45838041EA36E5D00929F78 /* Constants.swift in Sources */ = {isa = PBXBuildFile; fileRef = F45838031EA36E5D00929F78 /* Constants.swift */; };
		F498B09A1EA0B10300A9E551 /* NewTweetViewController.swift in Sources */ = {isa = PBXBuildFile; fileRef = F498B0991EA0B10300A9E551 /* NewTweetViewController.swift */; };
		F4DDEDCC1E9BA8B1003D158B /* LoginViewController.swift in Sources */ = {isa = PBXBuildFile; fileRef = F4DDEDCB1E9BA8B1003D158B /* LoginViewController.swift */; };
		F4E266911E9C1FC1009DF7B2 /* TwitterClient.swift in Sources */ = {isa = PBXBuildFile; fileRef = F4E266901E9C1FC1009DF7B2 /* TwitterClient.swift */; };
		F4E875E21E9BA48300859033 /* AppDelegate.swift in Sources */ = {isa = PBXBuildFile; fileRef = F4E875E11E9BA48300859033 /* AppDelegate.swift */; };
		F4E875E71E9BA48300859033 /* Main.storyboard in Resources */ = {isa = PBXBuildFile; fileRef = F4E875E51E9BA48300859033 /* Main.storyboard */; };
		F4E875E91E9BA48300859033 /* Assets.xcassets in Resources */ = {isa = PBXBuildFile; fileRef = F4E875E81E9BA48300859033 /* Assets.xcassets */; };
		F4E875EC1E9BA48300859033 /* LaunchScreen.storyboard in Resources */ = {isa = PBXBuildFile; fileRef = F4E875EA1E9BA48300859033 /* LaunchScreen.storyboard */; };
		F4EA8BCB1E9D4A8300C411EA /* TweetsViewController.swift in Sources */ = {isa = PBXBuildFile; fileRef = F4EA8BCA1E9D4A8300C411EA /* TweetsViewController.swift */; };
/* End PBXBuildFile section */

/* Begin PBXFileReference section */
		5125A30C86D4AE1A309310D2 /* Pods-Twitter.release.xcconfig */ = {isa = PBXFileReference; includeInIndex = 1; lastKnownFileType = text.xcconfig; name = "Pods-Twitter.release.xcconfig"; path = "Pods/Target Support Files/Pods-Twitter/Pods-Twitter.release.xcconfig"; sourceTree = "<group>"; };
		B39FF92E74493CF8B8315FE7 /* Pods_Twitter.framework */ = {isa = PBXFileReference; explicitFileType = wrapper.framework; includeInIndex = 0; path = Pods_Twitter.framework; sourceTree = BUILT_PRODUCTS_DIR; };
		ED9DA7B871044778F554551E /* Pods-Twitter.debug.xcconfig */ = {isa = PBXFileReference; includeInIndex = 1; lastKnownFileType = text.xcconfig; name = "Pods-Twitter.debug.xcconfig"; path = "Pods/Target Support Files/Pods-Twitter/Pods-Twitter.debug.xcconfig"; sourceTree = "<group>"; };
		F40624201E9FCDCE002804E1 /* TweetViewCell.swift */ = {isa = PBXFileReference; fileEncoding = 4; lastKnownFileType = sourcecode.swift; path = TweetViewCell.swift; sourceTree = "<group>"; };
		F407F9D21EA121A400278A30 /* TweetDetailViewController.swift */ = {isa = PBXFileReference; fileEncoding = 4; lastKnownFileType = sourcecode.swift; path = TweetDetailViewController.swift; sourceTree = "<group>"; };
		F445A9F21E9C33C600DB4E68 /* Tweet.swift */ = {isa = PBXFileReference; fileEncoding = 4; lastKnownFileType = sourcecode.swift; path = Tweet.swift; sourceTree = "<group>"; };
		F445A9F41E9C33DD00DB4E68 /* User.swift */ = {isa = PBXFileReference; fileEncoding = 4; lastKnownFileType = sourcecode.swift; path = User.swift; sourceTree = "<group>"; };
		F456D2A31EA7318000BF3BED /* HamburgerViewController.swift */ = {isa = PBXFileReference; fileEncoding = 4; lastKnownFileType = sourcecode.swift; path = HamburgerViewController.swift; sourceTree = "<group>"; };
		F456D2A51EA7359000BF3BED /* ProfileViewController.swift */ = {isa = PBXFileReference; fileEncoding = 4; lastKnownFileType = sourcecode.swift; path = ProfileViewController.swift; sourceTree = "<group>"; };
		F456D2A71EA7361500BF3BED /* MentionsViewController.swift */ = {isa = PBXFileReference; fileEncoding = 4; lastKnownFileType = sourcecode.swift; path = MentionsViewController.swift; sourceTree = "<group>"; };
		F456D2A91EA7368900BF3BED /* MenuViewController.swift */ = {isa = PBXFileReference; fileEncoding = 4; lastKnownFileType = sourcecode.swift; path = MenuViewController.swift; sourceTree = "<group>"; };
		F45838031EA36E5D00929F78 /* Constants.swift */ = {isa = PBXFileReference; fileEncoding = 4; lastKnownFileType = sourcecode.swift; path = Constants.swift; sourceTree = "<group>"; };
		F498B0991EA0B10300A9E551 /* NewTweetViewController.swift */ = {isa = PBXFileReference; fileEncoding = 4; lastKnownFileType = sourcecode.swift; path = NewTweetViewController.swift; sourceTree = "<group>"; };
		F4DDEDCB1E9BA8B1003D158B /* LoginViewController.swift */ = {isa = PBXFileReference; fileEncoding = 4; lastKnownFileType = sourcecode.swift; path = LoginViewController.swift; sourceTree = "<group>"; };
		F4E266901E9C1FC1009DF7B2 /* TwitterClient.swift */ = {isa = PBXFileReference; fileEncoding = 4; lastKnownFileType = sourcecode.swift; name = TwitterClient.swift; path = Twitter/TwitterClient.swift; sourceTree = "<group>"; };
		F4E875DE1E9BA48300859033 /* Twitter.app */ = {isa = PBXFileReference; explicitFileType = wrapper.application; includeInIndex = 0; path = Twitter.app; sourceTree = BUILT_PRODUCTS_DIR; };
		F4E875E11E9BA48300859033 /* AppDelegate.swift */ = {isa = PBXFileReference; lastKnownFileType = sourcecode.swift; path = AppDelegate.swift; sourceTree = "<group>"; };
		F4E875E61E9BA48300859033 /* Base */ = {isa = PBXFileReference; lastKnownFileType = file.storyboard; name = Base; path = Base.lproj/Main.storyboard; sourceTree = "<group>"; };
		F4E875E81E9BA48300859033 /* Assets.xcassets */ = {isa = PBXFileReference; lastKnownFileType = folder.assetcatalog; path = Assets.xcassets; sourceTree = "<group>"; };
		F4E875EB1E9BA48300859033 /* Base */ = {isa = PBXFileReference; lastKnownFileType = file.storyboard; name = Base; path = Base.lproj/LaunchScreen.storyboard; sourceTree = "<group>"; };
		F4E875ED1E9BA48300859033 /* Info.plist */ = {isa = PBXFileReference; lastKnownFileType = text.plist.xml; path = Info.plist; sourceTree = "<group>"; };
		F4EA8BCA1E9D4A8300C411EA /* TweetsViewController.swift */ = {isa = PBXFileReference; fileEncoding = 4; lastKnownFileType = sourcecode.swift; path = TweetsViewController.swift; sourceTree = "<group>"; };
/* End PBXFileReference section */

/* Begin PBXFrameworksBuildPhase section */
		F4E875DB1E9BA48300859033 /* Frameworks */ = {
			isa = PBXFrameworksBuildPhase;
			buildActionMask = 2147483647;
			files = (
				936825E6AC7B78B93F224C13 /* Pods_Twitter.framework in Frameworks */,
			);
			runOnlyForDeploymentPostprocessing = 0;
		};
/* End PBXFrameworksBuildPhase section */

/* Begin PBXGroup section */
		6432477A5CFD12C99EAE05A4 /* Frameworks */ = {
			isa = PBXGroup;
			children = (
				B39FF92E74493CF8B8315FE7 /* Pods_Twitter.framework */,
			);
			name = Frameworks;
			sourceTree = "<group>";
		};
		9FFB741AC499DD2DFB233030 /* Pods */ = {
			isa = PBXGroup;
			children = (
				ED9DA7B871044778F554551E /* Pods-Twitter.debug.xcconfig */,
				5125A30C86D4AE1A309310D2 /* Pods-Twitter.release.xcconfig */,
			);
			name = Pods;
			sourceTree = "<group>";
		};
		F445A9F11E9C338900DB4E68 /* Models */ = {
			isa = PBXGroup;
			children = (
				F445A9F21E9C33C600DB4E68 /* Tweet.swift */,
				F445A9F41E9C33DD00DB4E68 /* User.swift */,
				F45838031EA36E5D00929F78 /* Constants.swift */,
			);
			name = Models;
			sourceTree = "<group>";
		};
		F4E2668C1E9C1E47009DF7B2 /* API */ = {
			isa = PBXGroup;
			children = (
				F4E266901E9C1FC1009DF7B2 /* TwitterClient.swift */,
			);
			name = API;
			path = ..;
			sourceTree = "<group>";
		};
		F4E2668D1E9C1E8D009DF7B2 /* Supporting Files */ = {
			isa = PBXGroup;
			children = (
				F4E875E11E9BA48300859033 /* AppDelegate.swift */,
				F4E875ED1E9BA48300859033 /* Info.plist */,
				F4E875E81E9BA48300859033 /* Assets.xcassets */,
				F4E875EA1E9BA48300859033 /* LaunchScreen.storyboard */,
			);
			name = "Supporting Files";
			sourceTree = "<group>";
		};
		F4E2668E1E9C1EB3009DF7B2 /* View Controllers */ = {
			isa = PBXGroup;
			children = (
				F4DDEDCB1E9BA8B1003D158B /* LoginViewController.swift */,
				F456D2A31EA7318000BF3BED /* HamburgerViewController.swift */,
				F456D2A91EA7368900BF3BED /* MenuViewController.swift */,
				F456D2A51EA7359000BF3BED /* ProfileViewController.swift */,
				F456D2A71EA7361500BF3BED /* MentionsViewController.swift */,
				F4EA8BCA1E9D4A8300C411EA /* TweetsViewController.swift */,
				F498B0991EA0B10300A9E551 /* NewTweetViewController.swift */,
				F407F9D21EA121A400278A30 /* TweetDetailViewController.swift */,
			);
			name = "View Controllers";
			sourceTree = "<group>";
		};
		F4E2668F1E9C1EFE009DF7B2 /* Views */ = {
			isa = PBXGroup;
			children = (
				F40624201E9FCDCE002804E1 /* TweetViewCell.swift */,
				F4E875E51E9BA48300859033 /* Main.storyboard */,
			);
			name = Views;
			sourceTree = "<group>";
		};
		F4E875D51E9BA48300859033 = {
			isa = PBXGroup;
			children = (
				F4E875E01E9BA48300859033 /* Twitter */,
				F4E875DF1E9BA48300859033 /* Products */,
				9FFB741AC499DD2DFB233030 /* Pods */,
				6432477A5CFD12C99EAE05A4 /* Frameworks */,
			);
			sourceTree = "<group>";
		};
		F4E875DF1E9BA48300859033 /* Products */ = {
			isa = PBXGroup;
			children = (
				F4E875DE1E9BA48300859033 /* Twitter.app */,
			);
			name = Products;
			sourceTree = "<group>";
		};
		F4E875E01E9BA48300859033 /* Twitter */ = {
			isa = PBXGroup;
			children = (
				F4E2668C1E9C1E47009DF7B2 /* API */,
				F4E2668E1E9C1EB3009DF7B2 /* View Controllers */,
				F4E2668F1E9C1EFE009DF7B2 /* Views */,
				F445A9F11E9C338900DB4E68 /* Models */,
				F4E2668D1E9C1E8D009DF7B2 /* Supporting Files */,
			);
			path = Twitter;
			sourceTree = "<group>";
		};
/* End PBXGroup section */

/* Begin PBXNativeTarget section */
		F4E875DD1E9BA48300859033 /* Twitter */ = {
			isa = PBXNativeTarget;
			buildConfigurationList = F4E875F01E9BA48300859033 /* Build configuration list for PBXNativeTarget "Twitter" */;
			buildPhases = (
				8F1E620BF1F6597B387BA09C /* [CP] Check Pods Manifest.lock */,
				F4E875DA1E9BA48300859033 /* Sources */,
				F4E875DB1E9BA48300859033 /* Frameworks */,
				F4E875DC1E9BA48300859033 /* Resources */,
				1DE4739C0507BAFA945A9C78 /* [CP] Embed Pods Frameworks */,
				CF7315A060287BFE77A8440A /* [CP] Copy Pods Resources */,
			);
			buildRules = (
			);
			dependencies = (
			);
			name = Twitter;
			productName = Twitter;
			productReference = F4E875DE1E9BA48300859033 /* Twitter.app */;
			productType = "com.apple.product-type.application";
		};
/* End PBXNativeTarget section */

/* Begin PBXProject section */
		F4E875D61E9BA48300859033 /* Project object */ = {
			isa = PBXProject;
			attributes = {
				LastSwiftUpdateCheck = 0830;
				LastUpgradeCheck = 0830;
				ORGANIZATIONNAME = "Home User";
				TargetAttributes = {
					F4E875DD1E9BA48300859033 = {
						CreatedOnToolsVersion = 8.3;
						ProvisioningStyle = Automatic;
					};
				};
			};
			buildConfigurationList = F4E875D91E9BA48300859033 /* Build configuration list for PBXProject "Twitter" */;
			compatibilityVersion = "Xcode 3.2";
			developmentRegion = English;
			hasScannedForEncodings = 0;
			knownRegions = (
				en,
				Base,
			);
			mainGroup = F4E875D51E9BA48300859033;
			productRefGroup = F4E875DF1E9BA48300859033 /* Products */;
			projectDirPath = "";
			projectRoot = "";
			targets = (
				F4E875DD1E9BA48300859033 /* Twitter */,
			);
		};
/* End PBXProject section */

/* Begin PBXResourcesBuildPhase section */
		F4E875DC1E9BA48300859033 /* Resources */ = {
			isa = PBXResourcesBuildPhase;
			buildActionMask = 2147483647;
			files = (
				F4E875EC1E9BA48300859033 /* LaunchScreen.storyboard in Resources */,
				F4E875E91E9BA48300859033 /* Assets.xcassets in Resources */,
				F4E875E71E9BA48300859033 /* Main.storyboard in Resources */,
			);
			runOnlyForDeploymentPostprocessing = 0;
		};
/* End PBXResourcesBuildPhase section */

/* Begin PBXShellScriptBuildPhase section */
		1DE4739C0507BAFA945A9C78 /* [CP] Embed Pods Frameworks */ = {
			isa = PBXShellScriptBuildPhase;
			buildActionMask = 2147483647;
			files = (
			);
			inputPaths = (
			);
			name = "[CP] Embed Pods Frameworks";
			outputPaths = (
			);
			runOnlyForDeploymentPostprocessing = 0;
			shellPath = /bin/sh;
			shellScript = "\"${SRCROOT}/Pods/Target Support Files/Pods-Twitter/Pods-Twitter-frameworks.sh\"\n";
			showEnvVarsInLog = 0;
		};
		8F1E620BF1F6597B387BA09C /* [CP] Check Pods Manifest.lock */ = {
			isa = PBXShellScriptBuildPhase;
			buildActionMask = 2147483647;
			files = (
			);
			inputPaths = (
			);
			name = "[CP] Check Pods Manifest.lock";
			outputPaths = (
			);
			runOnlyForDeploymentPostprocessing = 0;
			shellPath = /bin/sh;
			shellScript = "diff \"${PODS_ROOT}/../Podfile.lock\" \"${PODS_ROOT}/Manifest.lock\" > /dev/null\nif [ $? != 0 ] ; then\n    # print error to STDERR\n    echo \"error: The sandbox is not in sync with the Podfile.lock. Run 'pod install' or update your CocoaPods installation.\" >&2\n    exit 1\nfi\n";
			showEnvVarsInLog = 0;
		};
		CF7315A060287BFE77A8440A /* [CP] Copy Pods Resources */ = {
			isa = PBXShellScriptBuildPhase;
			buildActionMask = 2147483647;
			files = (
			);
			inputPaths = (
			);
			name = "[CP] Copy Pods Resources";
			outputPaths = (
			);
			runOnlyForDeploymentPostprocessing = 0;
			shellPath = /bin/sh;
			shellScript = "\"${SRCROOT}/Pods/Target Support Files/Pods-Twitter/Pods-Twitter-resources.sh\"\n";
			showEnvVarsInLog = 0;
		};
/* End PBXShellScriptBuildPhase section */

/* Begin PBXSourcesBuildPhase section */
		F4E875DA1E9BA48300859033 /* Sources */ = {
			isa = PBXSourcesBuildPhase;
			buildActionMask = 2147483647;
			files = (
				F4E266911E9C1FC1009DF7B2 /* TwitterClient.swift in Sources */,
				F498B09A1EA0B10300A9E551 /* NewTweetViewController.swift in Sources */,
				F407F9D31EA121A400278A30 /* TweetDetailViewController.swift in Sources */,
				F456D2AA1EA7368900BF3BED /* MenuViewController.swift in Sources */,
				F445A9F31E9C33C600DB4E68 /* Tweet.swift in Sources */,
				F4EA8BCB1E9D4A8300C411EA /* TweetsViewController.swift in Sources */,
				F456D2A81EA7361500BF3BED /* MentionsViewController.swift in Sources */,
				F45838041EA36E5D00929F78 /* Constants.swift in Sources */,
				F456D2A61EA7359000BF3BED /* ProfileViewController.swift in Sources */,
				F445A9F51E9C33DD00DB4E68 /* User.swift in Sources */,
				F4DDEDCC1E9BA8B1003D158B /* LoginViewController.swift in Sources */,
				F4E875E21E9BA48300859033 /* AppDelegate.swift in Sources */,
				F456D2A41EA7318000BF3BED /* HamburgerViewController.swift in Sources */,
				F40624211E9FCDCE002804E1 /* TweetViewCell.swift in Sources */,
			);
			runOnlyForDeploymentPostprocessing = 0;
		};
/* End PBXSourcesBuildPhase section */

/* Begin PBXVariantGroup section */
		F4E875E51E9BA48300859033 /* Main.storyboard */ = {
			isa = PBXVariantGroup;
			children = (
				F4E875E61E9BA48300859033 /* Base */,
			);
			name = Main.storyboard;
			sourceTree = "<group>";
		};
		F4E875EA1E9BA48300859033 /* LaunchScreen.storyboard */ = {
			isa = PBXVariantGroup;
			children = (
				F4E875EB1E9BA48300859033 /* Base */,
			);
			name = LaunchScreen.storyboard;
			sourceTree = "<group>";
		};
/* End PBXVariantGroup section */

/* Begin XCBuildConfiguration section */
		F4E875EE1E9BA48300859033 /* Debug */ = {
			isa = XCBuildConfiguration;
			buildSettings = {
				ALWAYS_SEARCH_USER_PATHS = NO;
				CLANG_ANALYZER_NONNULL = YES;
				CLANG_ANALYZER_NUMBER_OBJECT_CONVERSION = YES_AGGRESSIVE;
				CLANG_CXX_LANGUAGE_STANDARD = "gnu++0x";
				CLANG_CXX_LIBRARY = "libc++";
				CLANG_ENABLE_MODULES = YES;
				CLANG_ENABLE_OBJC_ARC = YES;
				CLANG_WARN_BOOL_CONVERSION = YES;
				CLANG_WARN_CONSTANT_CONVERSION = YES;
				CLANG_WARN_DIRECT_OBJC_ISA_USAGE = YES_ERROR;
				CLANG_WARN_DOCUMENTATION_COMMENTS = YES;
				CLANG_WARN_EMPTY_BODY = YES;
				CLANG_WARN_ENUM_CONVERSION = YES;
				CLANG_WARN_INFINITE_RECURSION = YES;
				CLANG_WARN_INT_CONVERSION = YES;
				CLANG_WARN_OBJC_ROOT_CLASS = YES_ERROR;
				CLANG_WARN_SUSPICIOUS_MOVE = YES;
				CLANG_WARN_UNREACHABLE_CODE = YES;
				CLANG_WARN__DUPLICATE_METHOD_MATCH = YES;
				"CODE_SIGN_IDENTITY[sdk=iphoneos*]" = "iPhone Developer";
				COPY_PHASE_STRIP = NO;
				DEBUG_INFORMATION_FORMAT = dwarf;
				ENABLE_STRICT_OBJC_MSGSEND = YES;
				ENABLE_TESTABILITY = YES;
				GCC_C_LANGUAGE_STANDARD = gnu99;
				GCC_DYNAMIC_NO_PIC = NO;
				GCC_NO_COMMON_BLOCKS = YES;
				GCC_OPTIMIZATION_LEVEL = 0;
				GCC_PREPROCESSOR_DEFINITIONS = (
					"DEBUG=1",
					"$(inherited)",
				);
				GCC_WARN_64_TO_32_BIT_CONVERSION = YES;
				GCC_WARN_ABOUT_RETURN_TYPE = YES_ERROR;
				GCC_WARN_UNDECLARED_SELECTOR = YES;
				GCC_WARN_UNINITIALIZED_AUTOS = YES_AGGRESSIVE;
				GCC_WARN_UNUSED_FUNCTION = YES;
				GCC_WARN_UNUSED_VARIABLE = YES;
				IPHONEOS_DEPLOYMENT_TARGET = 10.3;
				MTL_ENABLE_DEBUG_INFO = YES;
				ONLY_ACTIVE_ARCH = YES;
				SDKROOT = iphoneos;
				SWIFT_ACTIVE_COMPILATION_CONDITIONS = DEBUG;
				SWIFT_OPTIMIZATION_LEVEL = "-Onone";
			};
			name = Debug;
		};
		F4E875EF1E9BA48300859033 /* Release */ = {
			isa = XCBuildConfiguration;
			buildSettings = {
				ALWAYS_SEARCH_USER_PATHS = NO;
				CLANG_ANALYZER_NONNULL = YES;
				CLANG_ANALYZER_NUMBER_OBJECT_CONVERSION = YES_AGGRESSIVE;
				CLANG_CXX_LANGUAGE_STANDARD = "gnu++0x";
				CLANG_CXX_LIBRARY = "libc++";
				CLANG_ENABLE_MODULES = YES;
				CLANG_ENABLE_OBJC_ARC = YES;
				CLANG_WARN_BOOL_CONVERSION = YES;
				CLANG_WARN_CONSTANT_CONVERSION = YES;
				CLANG_WARN_DIRECT_OBJC_ISA_USAGE = YES_ERROR;
				CLANG_WARN_DOCUMENTATION_COMMENTS = YES;
				CLANG_WARN_EMPTY_BODY = YES;
				CLANG_WARN_ENUM_CONVERSION = YES;
				CLANG_WARN_INFINITE_RECURSION = YES;
				CLANG_WARN_INT_CONVERSION = YES;
				CLANG_WARN_OBJC_ROOT_CLASS = YES_ERROR;
				CLANG_WARN_SUSPICIOUS_MOVE = YES;
				CLANG_WARN_UNREACHABLE_CODE = YES;
				CLANG_WARN__DUPLICATE_METHOD_MATCH = YES;
				"CODE_SIGN_IDENTITY[sdk=iphoneos*]" = "iPhone Developer";
				COPY_PHASE_STRIP = NO;
				DEBUG_INFORMATION_FORMAT = "dwarf-with-dsym";
				ENABLE_NS_ASSERTIONS = NO;
				ENABLE_STRICT_OBJC_MSGSEND = YES;
				GCC_C_LANGUAGE_STANDARD = gnu99;
				GCC_NO_COMMON_BLOCKS = YES;
				GCC_WARN_64_TO_32_BIT_CONVERSION = YES;
				GCC_WARN_ABOUT_RETURN_TYPE = YES_ERROR;
				GCC_WARN_UNDECLARED_SELECTOR = YES;
				GCC_WARN_UNINITIALIZED_AUTOS = YES_AGGRESSIVE;
				GCC_WARN_UNUSED_FUNCTION = YES;
				GCC_WARN_UNUSED_VARIABLE = YES;
				IPHONEOS_DEPLOYMENT_TARGET = 10.3;
				MTL_ENABLE_DEBUG_INFO = NO;
				SDKROOT = iphoneos;
				SWIFT_OPTIMIZATION_LEVEL = "-Owholemodule";
				VALIDATE_PRODUCT = YES;
			};
			name = Release;
		};
		F4E875F11E9BA48300859033 /* Debug */ = {
			isa = XCBuildConfiguration;
			baseConfigurationReference = ED9DA7B871044778F554551E /* Pods-Twitter.debug.xcconfig */;
			buildSettings = {
				ASSETCATALOG_COMPILER_APPICON_NAME = AppIcon;
				INFOPLIST_FILE = Twitter/Info.plist;
				LD_RUNPATH_SEARCH_PATHS = "$(inherited) @executable_path/Frameworks";
				PRODUCT_BUNDLE_IDENTIFIER = com.wieniek.Twitter;
				PRODUCT_NAME = "$(TARGET_NAME)";
				SWIFT_VERSION = 3.0;
			};
			name = Debug;
		};
		F4E875F21E9BA48300859033 /* Release */ = {
			isa = XCBuildConfiguration;
			baseConfigurationReference = 5125A30C86D4AE1A309310D2 /* Pods-Twitter.release.xcconfig */;
			buildSettings = {
				ASSETCATALOG_COMPILER_APPICON_NAME = AppIcon;
				INFOPLIST_FILE = Twitter/Info.plist;
				LD_RUNPATH_SEARCH_PATHS = "$(inherited) @executable_path/Frameworks";
				PRODUCT_BUNDLE_IDENTIFIER = com.wieniek.Twitter;
				PRODUCT_NAME = "$(TARGET_NAME)";
				SWIFT_VERSION = 3.0;
			};
			name = Release;
		};
/* End XCBuildConfiguration section */

/* Begin XCConfigurationList section */
		F4E875D91E9BA48300859033 /* Build configuration list for PBXProject "Twitter" */ = {
			isa = XCConfigurationList;
			buildConfigurations = (
				F4E875EE1E9BA48300859033 /* Debug */,
				F4E875EF1E9BA48300859033 /* Release */,
			);
			defaultConfigurationIsVisible = 0;
			defaultConfigurationName = Release;
		};
		F4E875F01E9BA48300859033 /* Build configuration list for PBXNativeTarget "Twitter" */ = {
			isa = XCConfigurationList;
			buildConfigurations = (
				F4E875F11E9BA48300859033 /* Debug */,
				F4E875F21E9BA48300859033 /* Release */,
			);
			defaultConfigurationIsVisible = 0;
			defaultConfigurationName = Release;
		};
/* End XCConfigurationList section */
	};
	rootObject = F4E875D61E9BA48300859033 /* Project object */;
}
